
Microsoft Visual Studio Solution File, Format Version 12.00
# Visual Studio Version 16
VisualStudioVersion = 16.0.29215.179
MinimumVisualStudioVersion = 10.0.40219.1
Project("{9A19103F-16F7-4668-BE54-9A1E7A4F7556}") = "PiBooking.Core", "PiBooking.Core\PiBooking.Core.csproj", "{4A71851D-9F78-48C9-9AA4-56EE3E37F16A}"
EndProject
Project("{9A19103F-16F7-4668-BE54-9A1E7A4F7556}") = "PIBooking.Infrastructure", "PIBooking.Infrastructure\PIBooking.Infrastructure.csproj", "{AF44A9FC-CD60-4849-90F4-4CECF8AB563C}"
EndProject
Project("{9A19103F-16F7-4668-BE54-9A1E7A4F7556}") = "PiBooking.UI", "PiBooking.UI\PiBooking.UI.csproj", "{746508DF-9128-49BB-8812-D6D11DF416F2}"
EndProject
Project("{9A19103F-16F7-4668-BE54-9A1E7A4F7556}") = "PiBooking.API", "PiBooking.API\PiBooking.API.csproj", "{C2752FF9-D4D5-4E46-9F37-0CCA1520DEDD}"
EndProject
Project("{FAE04EC0-301F-11D3-BF4B-00C04F79EFBC}") = "PiBooking.Admin", "PiBooking.Admin\PiBooking.Admin.csproj", "{6D95F5CF-33FF-430E-A255-44DA09C9F09C}"
EndProject
Global
	GlobalSection(SolutionConfigurationPlatforms) = preSolution
		Debug|Any CPU = Debug|Any CPU
		Release|Any CPU = Release|Any CPU
	EndGlobalSection
	GlobalSection(ProjectConfigurationPlatforms) = postSolution
		{4A71851D-9F78-48C9-9AA4-56EE3E37F16A}.Debug|Any CPU.ActiveCfg = Debug|Any CPU
		{4A71851D-9F78-48C9-9AA4-56EE3E37F16A}.Debug|Any CPU.Build.0 = Debug|Any CPU
		{4A71851D-9F78-48C9-9AA4-56EE3E37F16A}.Release|Any CPU.ActiveCfg = Release|Any CPU
		{4A71851D-9F78-48C9-9AA4-56EE3E37F16A}.Release|Any CPU.Build.0 = Release|Any CPU
		{AF44A9FC-CD60-4849-90F4-4CECF8AB563C}.Debug|Any CPU.ActiveCfg = Debug|Any CPU
		{AF44A9FC-CD60-4849-90F4-4CECF8AB563C}.Debug|Any CPU.Build.0 = Debug|Any CPU
		{AF44A9FC-CD60-4849-90F4-4CECF8AB563C}.Release|Any CPU.ActiveCfg = Release|Any CPU
		{AF44A9FC-CD60-4849-90F4-4CECF8AB563C}.Release|Any CPU.Build.0 = Release|Any CPU
		{746508DF-9128-49BB-8812-D6D11DF416F2}.Debug|Any CPU.ActiveCfg = Debug|Any CPU
		{746508DF-9128-49BB-8812-D6D11DF416F2}.Debug|Any CPU.Build.0 = Debug|Any CPU
		{746508DF-9128-49BB-8812-D6D11DF416F2}.Release|Any CPU.ActiveCfg = Release|Any CPU
		{746508DF-9128-49BB-8812-D6D11DF416F2}.Release|Any CPU.Build.0 = Release|Any CPU
		{C2752FF9-D4D5-4E46-9F37-0CCA1520DEDD}.Debug|Any CPU.ActiveCfg = Debug|Any CPU
		{C2752FF9-D4D5-4E46-9F37-0CCA1520DEDD}.Debug|Any CPU.Build.0 = Debug|Any CPU
		{C2752FF9-D4D5-4E46-9F37-0CCA1520DEDD}.Release|Any CPU.ActiveCfg = Release|Any CPU
		{C2752FF9-D4D5-4E46-9F37-0CCA1520DEDD}.Release|Any CPU.Build.0 = Release|Any CPU
		{6D95F5CF-33FF-430E-A255-44DA09C9F09C}.Debug|Any CPU.ActiveCfg = Debug|Any CPU
		{6D95F5CF-33FF-430E-A255-44DA09C9F09C}.Debug|Any CPU.Build.0 = Debug|Any CPU
		{6D95F5CF-33FF-430E-A255-44DA09C9F09C}.Release|Any CPU.ActiveCfg = Release|Any CPU
		{6D95F5CF-33FF-430E-A255-44DA09C9F09C}.Release|Any CPU.Build.0 = Release|Any CPU
	EndGlobalSection
	GlobalSection(SolutionProperties) = preSolution
		HideSolutionNode = FALSE
	EndGlobalSection
	GlobalSection(ExtensibilityGlobals) = postSolution
		SolutionGuid = {D1EF884C-C642-45F1-9E14-BFF9D463A215}
	EndGlobalSection
EndGlobal
